// !$*UTF8*$!
{
	archiveVersion = 1;
	classes = {
	};
	objectVersion = 50;
	objects = {

/* Begin PBXBuildFile section */
		7E89A17E20E2956B00A36978 /* AppDelegate.swift in Sources */ = {isa = PBXBuildFile; fileRef = 7E89A17D20E2956B00A36978 /* AppDelegate.swift */; };
		7E89A18120E2956B00A36978 /* MQTTInspector.xcdatamodeld in Sources */ = {isa = PBXBuildFile; fileRef = 7E89A17F20E2956B00A36978 /* MQTTInspector.xcdatamodeld */; };
		7E89A18320E2956B00A36978 /* MasterViewController.swift in Sources */ = {isa = PBXBuildFile; fileRef = 7E89A18220E2956B00A36978 /* MasterViewController.swift */; };
		7E89A18520E2956B00A36978 /* DetailViewController.swift in Sources */ = {isa = PBXBuildFile; fileRef = 7E89A18420E2956B00A36978 /* DetailViewController.swift */; };
		7E89A18820E2956B00A36978 /* Main.storyboard in Resources */ = {isa = PBXBuildFile; fileRef = 7E89A18620E2956B00A36978 /* Main.storyboard */; };
		7E89A18A20E2957100A36978 /* Assets.xcassets in Resources */ = {isa = PBXBuildFile; fileRef = 7E89A18920E2957100A36978 /* Assets.xcassets */; };
		7E89A18D20E2957100A36978 /* LaunchScreen.storyboard in Resources */ = {isa = PBXBuildFile; fileRef = 7E89A18B20E2957100A36978 /* LaunchScreen.storyboard */; };
		7E89A19820E2957300A36978 /* MQTTInspectorTests.swift in Sources */ = {isa = PBXBuildFile; fileRef = 7E89A19720E2957300A36978 /* MQTTInspectorTests.swift */; };
		7E89A1A320E2957300A36978 /* MQTTInspectorUITests.swift in Sources */ = {isa = PBXBuildFile; fileRef = 7E89A1A220E2957300A36978 /* MQTTInspectorUITests.swift */; };
/* End PBXBuildFile section */

/* Begin PBXContainerItemProxy section */
		7E89A19420E2957300A36978 /* PBXContainerItemProxy */ = {
			isa = PBXContainerItemProxy;
			containerPortal = 7E89A17220E2956B00A36978 /* Project object */;
			proxyType = 1;
			remoteGlobalIDString = 7E89A17920E2956B00A36978;
			remoteInfo = MQTTInspector;
		};
		7E89A19F20E2957300A36978 /* PBXContainerItemProxy */ = {
			isa = PBXContainerItemProxy;
			containerPortal = 7E89A17220E2956B00A36978 /* Project object */;
			proxyType = 1;
			remoteGlobalIDString = 7E89A17920E2956B00A36978;
			remoteInfo = MQTTInspector;
		};
/* End PBXContainerItemProxy section */

/* Begin PBXFileReference section */
		7E89A17A20E2956B00A36978 /* MQTTInspector.app */ = {isa = PBXFileReference; explicitFileType = wrapper.application; includeInIndex = 0; path = MQTTInspector.app; sourceTree = BUILT_PRODUCTS_DIR; };
		7E89A17D20E2956B00A36978 /* AppDelegate.swift */ = {isa = PBXFileReference; lastKnownFileType = sourcecode.swift; path = AppDelegate.swift; sourceTree = "<group>"; };
		7E89A18020E2956B00A36978 /* MQTTInspector.xcdatamodel */ = {isa = PBXFileReference; lastKnownFileType = wrapper.xcdatamodel; path = MQTTInspector.xcdatamodel; sourceTree = "<group>"; };
		7E89A18220E2956B00A36978 /* MasterViewController.swift */ = {isa = PBXFileReference; lastKnownFileType = sourcecode.swift; path = MasterViewController.swift; sourceTree = "<group>"; };
		7E89A18420E2956B00A36978 /* DetailViewController.swift */ = {isa = PBXFileReference; lastKnownFileType = sourcecode.swift; path = DetailViewController.swift; sourceTree = "<group>"; };
		7E89A18720E2956B00A36978 /* Base */ = {isa = PBXFileReference; lastKnownFileType = file.storyboard; name = Base; path = Base.lproj/Main.storyboard; sourceTree = "<group>"; };
		7E89A18920E2957100A36978 /* Assets.xcassets */ = {isa = PBXFileReference; lastKnownFileType = folder.assetcatalog; path = Assets.xcassets; sourceTree = "<group>"; };
		7E89A18C20E2957100A36978 /* Base */ = {isa = PBXFileReference; lastKnownFileType = file.storyboard; name = Base; path = Base.lproj/LaunchScreen.storyboard; sourceTree = "<group>"; };
		7E89A18E20E2957100A36978 /* Info.plist */ = {isa = PBXFileReference; lastKnownFileType = text.plist.xml; path = Info.plist; sourceTree = "<group>"; };
		7E89A19320E2957300A36978 /* MQTTInspectorTests.xctest */ = {isa = PBXFileReference; explicitFileType = wrapper.cfbundle; includeInIndex = 0; path = MQTTInspectorTests.xctest; sourceTree = BUILT_PRODUCTS_DIR; };
		7E89A19720E2957300A36978 /* MQTTInspectorTests.swift */ = {isa = PBXFileReference; lastKnownFileType = sourcecode.swift; path = MQTTInspectorTests.swift; sourceTree = "<group>"; };
		7E89A19920E2957300A36978 /* Info.plist */ = {isa = PBXFileReference; lastKnownFileType = text.plist.xml; path = Info.plist; sourceTree = "<group>"; };
		7E89A19E20E2957300A36978 /* MQTTInspectorUITests.xctest */ = {isa = PBXFileReference; explicitFileType = wrapper.cfbundle; includeInIndex = 0; path = MQTTInspectorUITests.xctest; sourceTree = BUILT_PRODUCTS_DIR; };
		7E89A1A220E2957300A36978 /* MQTTInspectorUITests.swift */ = {isa = PBXFileReference; lastKnownFileType = sourcecode.swift; path = MQTTInspectorUITests.swift; sourceTree = "<group>"; };
		7E89A1A420E2957300A36978 /* Info.plist */ = {isa = PBXFileReference; lastKnownFileType = text.plist.xml; path = Info.plist; sourceTree = "<group>"; };
/* End PBXFileReference section */

/* Begin PBXFrameworksBuildPhase section */
		7E89A17720E2956B00A36978 /* Frameworks */ = {
			isa = PBXFrameworksBuildPhase;
			buildActionMask = 2147483647;
			files = (
			);
			runOnlyForDeploymentPostprocessing = 0;
		};
		7E89A19020E2957300A36978 /* Frameworks */ = {
			isa = PBXFrameworksBuildPhase;
			buildActionMask = 2147483647;
			files = (
			);
			runOnlyForDeploymentPostprocessing = 0;
		};
		7E89A19B20E2957300A36978 /* Frameworks */ = {
			isa = PBXFrameworksBuildPhase;
			buildActionMask = 2147483647;
			files = (
			);
			runOnlyForDeploymentPostprocessing = 0;
		};
/* End PBXFrameworksBuildPhase section */

/* Begin PBXGroup section */
		7E89A17120E2956B00A36978 = {
			isa = PBXGroup;
			children = (
				7E89A17C20E2956B00A36978 /* MQTTInspector */,
				7E89A19620E2957300A36978 /* MQTTInspectorTests */,
				7E89A1A120E2957300A36978 /* MQTTInspectorUITests */,
				7E89A17B20E2956B00A36978 /* Products */,
			);
			sourceTree = "<group>";
		};
		7E89A17B20E2956B00A36978 /* Products */ = {
			isa = PBXGroup;
			children = (
				7E89A17A20E2956B00A36978 /* MQTTInspector.app */,
				7E89A19320E2957300A36978 /* MQTTInspectorTests.xctest */,
				7E89A19E20E2957300A36978 /* MQTTInspectorUITests.xctest */,
			);
			name = Products;
			sourceTree = "<group>";
		};
		7E89A17C20E2956B00A36978 /* MQTTInspector */ = {
			isa = PBXGroup;
			children = (
				7E89A17D20E2956B00A36978 /* AppDelegate.swift */,
				7E89A18220E2956B00A36978 /* MasterViewController.swift */,
				7E89A18420E2956B00A36978 /* DetailViewController.swift */,
				7E89A18620E2956B00A36978 /* Main.storyboard */,
				7E89A18920E2957100A36978 /* Assets.xcassets */,
				7E89A18B20E2957100A36978 /* LaunchScreen.storyboard */,
				7E89A18E20E2957100A36978 /* Info.plist */,
				7E89A17F20E2956B00A36978 /* MQTTInspector.xcdatamodeld */,
			);
			path = MQTTInspector;
			sourceTree = "<group>";
		};
		7E89A19620E2957300A36978 /* MQTTInspectorTests */ = {
			isa = PBXGroup;
			children = (
				7E89A19720E2957300A36978 /* MQTTInspectorTests.swift */,
				7E89A19920E2957300A36978 /* Info.plist */,
			);
			path = MQTTInspectorTests;
			sourceTree = "<group>";
		};
		7E89A1A120E2957300A36978 /* MQTTInspectorUITests */ = {
			isa = PBXGroup;
			children = (
				7E89A1A220E2957300A36978 /* MQTTInspectorUITests.swift */,
				7E89A1A420E2957300A36978 /* Info.plist */,
			);
			path = MQTTInspectorUITests;
			sourceTree = "<group>";
		};
/* End PBXGroup section */

/* Begin PBXNativeTarget section */
		7E89A17920E2956B00A36978 /* MQTTInspector */ = {
			isa = PBXNativeTarget;
			buildConfigurationList = 7E89A1A720E2957300A36978 /* Build configuration list for PBXNativeTarget "MQTTInspector" */;
			buildPhases = (
				7E89A17620E2956B00A36978 /* Sources */,
				7E89A17720E2956B00A36978 /* Frameworks */,
				7E89A17820E2956B00A36978 /* Resources */,
			);
			buildRules = (
			);
			dependencies = (
			);
			name = MQTTInspector;
			productName = MQTTInspector;
			productReference = 7E89A17A20E2956B00A36978 /* MQTTInspector.app */;
			productType = "com.apple.product-type.application";
		};
		7E89A19220E2957300A36978 /* MQTTInspectorTests */ = {
			isa = PBXNativeTarget;
			buildConfigurationList = 7E89A1AA20E2957300A36978 /* Build configuration list for PBXNativeTarget "MQTTInspectorTests" */;
			buildPhases = (
				7E89A18F20E2957300A36978 /* Sources */,
				7E89A19020E2957300A36978 /* Frameworks */,
				7E89A19120E2957300A36978 /* Resources */,
			);
			buildRules = (
			);
			dependencies = (
				7E89A19520E2957300A36978 /* PBXTargetDependency */,
			);
			name = MQTTInspectorTests;
			productName = MQTTInspectorTests;
			productReference = 7E89A19320E2957300A36978 /* MQTTInspectorTests.xctest */;
			productType = "com.apple.product-type.bundle.unit-test";
		};
		7E89A19D20E2957300A36978 /* MQTTInspectorUITests */ = {
			isa = PBXNativeTarget;
			buildConfigurationList = 7E89A1AD20E2957300A36978 /* Build configuration list for PBXNativeTarget "MQTTInspectorUITests" */;
			buildPhases = (
				7E89A19A20E2957300A36978 /* Sources */,
				7E89A19B20E2957300A36978 /* Frameworks */,
				7E89A19C20E2957300A36978 /* Resources */,
			);
			buildRules = (
			);
			dependencies = (
				7E89A1A020E2957300A36978 /* PBXTargetDependency */,
			);
			name = MQTTInspectorUITests;
			productName = MQTTInspectorUITests;
			productReference = 7E89A19E20E2957300A36978 /* MQTTInspectorUITests.xctest */;
			productType = "com.apple.product-type.bundle.ui-testing";
		};
/* End PBXNativeTarget section */

/* Begin PBXProject section */
		7E89A17220E2956B00A36978 /* Project object */ = {
			isa = PBXProject;
			attributes = {
				LastSwiftUpdateCheck = 0940;
				LastUpgradeCheck = 0940;
				ORGANIZATIONNAME = "Ahmed Elbasha";
				TargetAttributes = {
					7E89A17920E2956B00A36978 = {
						CreatedOnToolsVersion = 9.4.1;
					};
					7E89A19220E2957300A36978 = {
						CreatedOnToolsVersion = 9.4.1;
						TestTargetID = 7E89A17920E2956B00A36978;
					};
					7E89A19D20E2957300A36978 = {
						CreatedOnToolsVersion = 9.4.1;
						TestTargetID = 7E89A17920E2956B00A36978;
					};
				};
			};
			buildConfigurationList = 7E89A17520E2956B00A36978 /* Build configuration list for PBXProject "MQTTInspector" */;
			compatibilityVersion = "Xcode 9.3";
			developmentRegion = en;
			hasScannedForEncodings = 0;
			knownRegions = (
				en,
				Base,
			);
			mainGroup = 7E89A17120E2956B00A36978;
			productRefGroup = 7E89A17B20E2956B00A36978 /* Products */;
			projectDirPath = "";
			projectRoot = "";
			targets = (
				7E89A17920E2956B00A36978 /* MQTTInspector */,
				7E89A19220E2957300A36978 /* MQTTInspectorTests */,
				7E89A19D20E2957300A36978 /* MQTTInspectorUITests */,
			);
		};
/* End PBXProject section */

/* Begin PBXResourcesBuildPhase section */
		7E89A17820E2956B00A36978 /* Resources */ = {
			isa = PBXResourcesBuildPhase;
			buildActionMask = 2147483647;
			files = (
				7E89A18D20E2957100A36978 /* LaunchScreen.storyboard in Resources */,
				7E89A18A20E2957100A36978 /* Assets.xcassets in Resources */,
				7E89A18820E2956B00A36978 /* Main.storyboard in Resources */,
			);
			runOnlyForDeploymentPostprocessing = 0;
		};
		7E89A19120E2957300A36978 /* Resources */ = {
			isa = PBXResourcesBuildPhase;
			buildActionMask = 2147483647;
			files = (
			);
			runOnlyForDeploymentPostprocessing = 0;
		};
		7E89A19C20E2957300A36978 /* Resources */ = {
			isa = PBXResourcesBuildPhase;
			buildActionMask = 2147483647;
			files = (
			);
			runOnlyForDeploymentPostprocessing = 0;
		};
/* End PBXResourcesBuildPhase section */

/* Begin PBXSourcesBuildPhase section */
		7E89A17620E2956B00A36978 /* Sources */ = {
			isa = PBXSourcesBuildPhase;
			buildActionMask = 2147483647;
			files = (
				7E89A17E20E2956B00A36978 /* AppDelegate.swift in Sources */,
				7E89A18120E2956B00A36978 /* MQTTInspector.xcdatamodeld in Sources */,
				7E89A18320E2956B00A36978 /* MasterViewController.swift in Sources */,
				7E89A18520E2956B00A36978 /* DetailViewController.swift in Sources */,
			);
			runOnlyForDeploymentPostprocessing = 0;
		};
		7E89A18F20E2957300A36978 /* Sources */ = {
			isa = PBXSourcesBuildPhase;
			buildActionMask = 2147483647;
			files = (
				7E89A19820E2957300A36978 /* MQTTInspectorTests.swift in Sources */,
			);
			runOnlyForDeploymentPostprocessing = 0;
		};
		7E89A19A20E2957300A36978 /* Sources */ = {
			isa = PBXSourcesBuildPhase;
			buildActionMask = 2147483647;
			files = (
				7E89A1A320E2957300A36978 /* MQTTInspectorUITests.swift in Sources */,
			);
			runOnlyForDeploymentPostprocessing = 0;
		};
/* End PBXSourcesBuildPhase section */

/* Begin PBXTargetDependency section */
		7E89A19520E2957300A36978 /* PBXTargetDependency */ = {
			isa = PBXTargetDependency;
			target = 7E89A17920E2956B00A36978 /* MQTTInspector */;
			targetProxy = 7E89A19420E2957300A36978 /* PBXContainerItemProxy */;
		};
		7E89A1A020E2957300A36978 /* PBXTargetDependency */ = {
			isa = PBXTargetDependency;
			target = 7E89A17920E2956B00A36978 /* MQTTInspector */;
			targetProxy = 7E89A19F20E2957300A36978 /* PBXContainerItemProxy */;
		};
/* End PBXTargetDependency section */

/* Begin PBXVariantGroup section */
		7E89A18620E2956B00A36978 /* Main.storyboard */ = {
			isa = PBXVariantGroup;
			children = (
				7E89A18720E2956B00A36978 /* Base */,
			);
			name = Main.storyboard;
			sourceTree = "<group>";
		};
		7E89A18B20E2957100A36978 /* LaunchScreen.storyboard */ = {
			isa = PBXVariantGroup;
			children = (
				7E89A18C20E2957100A36978 /* Base */,
			);
			name = LaunchScreen.storyboard;
			sourceTree = "<group>";
		};
/* End PBXVariantGroup section */

/* Begin XCBuildConfiguration section */
		7E89A1A520E2957300A36978 /* Debug */ = {
			isa = XCBuildConfiguration;
			buildSettings = {
				ALWAYS_SEARCH_USER_PATHS = NO;
				CLANG_ANALYZER_NONNULL = YES;
				CLANG_ANALYZER_NUMBER_OBJECT_CONVERSION = YES_AGGRESSIVE;
				CLANG_CXX_LANGUAGE_STANDARD = "gnu++14";
				CLANG_CXX_LIBRARY = "libc++";
				CLANG_ENABLE_MODULES = YES;
				CLANG_ENABLE_OBJC_ARC = YES;
				CLANG_ENABLE_OBJC_WEAK = YES;
				CLANG_WARN_BLOCK_CAPTURE_AUTORELEASING = YES;
				CLANG_WARN_BOOL_CONVERSION = YES;
				CLANG_WARN_COMMA = YES;
				CLANG_WARN_CONSTANT_CONVERSION = YES;
				CLANG_WARN_DEPRECATED_OBJC_IMPLEMENTATIONS = YES;
				CLANG_WARN_DIRECT_OBJC_ISA_USAGE = YES_ERROR;
				CLANG_WARN_DOCUMENTATION_COMMENTS = YES;
				CLANG_WARN_EMPTY_BODY = YES;
				CLANG_WARN_ENUM_CONVERSION = YES;
				CLANG_WARN_INFINITE_RECURSION = YES;
				CLANG_WARN_INT_CONVERSION = YES;
				CLANG_WARN_NON_LITERAL_NULL_CONVERSION = YES;
				CLANG_WARN_OBJC_IMPLICIT_RETAIN_SELF = YES;
				CLANG_WARN_OBJC_LITERAL_CONVERSION = YES;
				CLANG_WARN_OBJC_ROOT_CLASS = YES_ERROR;
				CLANG_WARN_RANGE_LOOP_ANALYSIS = YES;
				CLANG_WARN_STRICT_PROTOTYPES = YES;
				CLANG_WARN_SUSPICIOUS_MOVE = YES;
				CLANG_WARN_UNGUARDED_AVAILABILITY = YES_AGGRESSIVE;
				CLANG_WARN_UNREACHABLE_CODE = YES;
				CLANG_WARN__DUPLICATE_METHOD_MATCH = YES;
				CODE_SIGN_IDENTITY = "iPhone Developer";
				COPY_PHASE_STRIP = NO;
				DEBUG_INFORMATION_FORMAT = dwarf;
				ENABLE_STRICT_OBJC_MSGSEND = YES;
				ENABLE_TESTABILITY = YES;
				GCC_C_LANGUAGE_STANDARD = gnu11;
				GCC_DYNAMIC_NO_PIC = NO;
				GCC_NO_COMMON_BLOCKS = YES;
				GCC_OPTIMIZATION_LEVEL = 0;
				GCC_PREPROCESSOR_DEFINITIONS = (
					"DEBUG=1",
					"$(inherited)",
				);
				GCC_WARN_64_TO_32_BIT_CONVERSION = YES;
				GCC_WARN_ABOUT_RETURN_TYPE = YES_ERROR;
				GCC_WARN_UNDECLARED_SELECTOR = YES;
				GCC_WARN_UNINITIALIZED_AUTOS = YES_AGGRESSIVE;
				GCC_WARN_UNUSED_FUNCTION = YES;
				GCC_WARN_UNUSED_VARIABLE = YES;
				IPHONEOS_DEPLOYMENT_TARGET = 11.4;
				MTL_ENABLE_DEBUG_INFO = YES;
				ONLY_ACTIVE_ARCH = YES;
				SDKROOT = iphoneos;
				SWIFT_ACTIVE_COMPILATION_CONDITIONS = DEBUG;
				SWIFT_OPTIMIZATION_LEVEL = "-Onone";
			};
			name = Debug;
		};
		7E89A1A620E2957300A36978 /* Release */ = {
			isa = XCBuildConfiguration;
			buildSettings = {
				ALWAYS_SEARCH_USER_PATHS = NO;
				CLANG_ANALYZER_NONNULL = YES;
				CLANG_ANALYZER_NUMBER_OBJECT_CONVERSION = YES_AGGRESSIVE;
				CLANG_CXX_LANGUAGE_STANDARD = "gnu++14";
				CLANG_CXX_LIBRARY = "libc++";
				CLANG_ENABLE_MODULES = YES;
				CLANG_ENABLE_OBJC_ARC = YES;
				CLANG_ENABLE_OBJC_WEAK = YES;
				CLANG_WARN_BLOCK_CAPTURE_AUTORELEASING = YES;
				CLANG_WARN_BOOL_CONVERSION = YES;
				CLANG_WARN_COMMA = YES;
				CLANG_WARN_CONSTANT_CONVERSION = YES;
				CLANG_WARN_DEPRECATED_OBJC_IMPLEMENTATIONS = YES;
				CLANG_WARN_DIRECT_OBJC_ISA_USAGE = YES_ERROR;
				CLANG_WARN_DOCUMENTATION_COMMENTS = YES;
				CLANG_WARN_EMPTY_BODY = YES;
				CLANG_WARN_ENUM_CONVERSION = YES;
				CLANG_WARN_INFINITE_RECURSION = YES;
				CLANG_WARN_INT_CONVERSION = YES;
				CLANG_WARN_NON_LITERAL_NULL_CONVERSION = YES;
				CLANG_WARN_OBJC_IMPLICIT_RETAIN_SELF = YES;
				CLANG_WARN_OBJC_LITERAL_CONVERSION = YES;
				CLANG_WARN_OBJC_ROOT_CLASS = YES_ERROR;
				CLANG_WARN_RANGE_LOOP_ANALYSIS = YES;
				CLANG_WARN_STRICT_PROTOTYPES = YES;
				CLANG_WARN_SUSPICIOUS_MOVE = YES;
				CLANG_WARN_UNGUARDED_AVAILABILITY = YES_AGGRESSIVE;
				CLANG_WARN_UNREACHABLE_CODE = YES;
				CLANG_WARN__DUPLICATE_METHOD_MATCH = YES;
				CODE_SIGN_IDENTITY = "iPhone Developer";
				COPY_PHASE_STRIP = NO;
				DEBUG_INFORMATION_FORMAT = "dwarf-with-dsym";
				ENABLE_NS_ASSERTIONS = NO;
				ENABLE_STRICT_OBJC_MSGSEND = YES;
				GCC_C_LANGUAGE_STANDARD = gnu11;
				GCC_NO_COMMON_BLOCKS = YES;
				GCC_WARN_64_TO_32_BIT_CONVERSION = YES;
				GCC_WARN_ABOUT_RETURN_TYPE = YES_ERROR;
				GCC_WARN_UNDECLARED_SELECTOR = YES;
				GCC_WARN_UNINITIALIZED_AUTOS = YES_AGGRESSIVE;
				GCC_WARN_UNUSED_FUNCTION = YES;
				GCC_WARN_UNUSED_VARIABLE = YES;
				IPHONEOS_DEPLOYMENT_TARGET = 11.4;
				MTL_ENABLE_DEBUG_INFO = NO;
				SDKROOT = iphoneos;
				SWIFT_COMPILATION_MODE = wholemodule;
				SWIFT_OPTIMIZATION_LEVEL = "-O";
				VALIDATE_PRODUCT = YES;
			};
			name = Release;
		};
		7E89A1A820E2957300A36978 /* Debug */ = {
			isa = XCBuildConfiguration;
			buildSettings = {
				ASSETCATALOG_COMPILER_APPICON_NAME = AppIcon;
				CODE_SIGN_STYLE = Automatic;
				INFOPLIST_FILE = MQTTInspector/Info.plist;
				LD_RUNPATH_SEARCH_PATHS = (
					"$(inherited)",
					"@executable_path/Frameworks",
				);
				PRODUCT_BUNDLE_IDENTIFIER = "Ahmed-Elbasha.MQTTInspector";
				PRODUCT_NAME = "$(TARGET_NAME)";
				SWIFT_VERSION = 4.0;
				TARGETED_DEVICE_FAMILY = 2;
			};
			name = Debug;
		};
		7E89A1A920E2957300A36978 /* Release */ = {
			isa = XCBuildConfiguration;
			buildSettings = {
				ASSETCATALOG_COMPILER_APPICON_NAME = AppIcon;
				CODE_SIGN_STYLE = Automatic;
				INFOPLIST_FILE = MQTTInspector/Info.plist;
				LD_RUNPATH_SEARCH_PATHS = (
					"$(inherited)",
					"@executable_path/Frameworks",
				);
				PRODUCT_BUNDLE_IDENTIFIER = "Ahmed-Elbasha.MQTTInspector";
				PRODUCT_NAME = "$(TARGET_NAME)";
				SWIFT_VERSION = 4.0;
				TARGETED_DEVICE_FAMILY = 2;
			};
			name = Release;
		};
		7E89A1AB20E2957300A36978 /* Debug */ = {
			isa = XCBuildConfiguration;
			buildSettings = {
				ALWAYS_EMBED_SWIFT_STANDARD_LIBRARIES = YES;
				BUNDLE_LOADER = "$(TEST_HOST)";
				CODE_SIGN_STYLE = Automatic;
				INFOPLIST_FILE = MQTTInspectorTests/Info.plist;
				LD_RUNPATH_SEARCH_PATHS = (
					"$(inherited)",
					"@executable_path/Frameworks",
					"@loader_path/Frameworks",
				);
				PRODUCT_BUNDLE_IDENTIFIER = "Ahmed-Elbasha.MQTTInspectorTests";
				PRODUCT_NAME = "$(TARGET_NAME)";
				SWIFT_VERSION = 4.0;
				TARGETED_DEVICE_FAMILY = "1,2";
				TEST_HOST = "$(BUILT_PRODUCTS_DIR)/MQTTInspector.app/MQTTInspector";
			};
			name = Debug;
		};
		7E89A1AC20E2957300A36978 /* Release */ = {
			isa = XCBuildConfiguration;
			buildSettings = {
				ALWAYS_EMBED_SWIFT_STANDARD_LIBRARIES = YES;
				BUNDLE_LOADER = "$(TEST_HOST)";
				CODE_SIGN_STYLE = Automatic;
				INFOPLIST_FILE = MQTTInspectorTests/Info.plist;
				LD_RUNPATH_SEARCH_PATHS = (
					"$(inherited)",
					"@executable_path/Frameworks",
					"@loader_path/Frameworks",
				);
				PRODUCT_BUNDLE_IDENTIFIER = "Ahmed-Elbasha.MQTTInspectorTests";
				PRODUCT_NAME = "$(TARGET_NAME)";
				SWIFT_VERSION = 4.0;
				TARGETED_DEVICE_FAMILY = "1,2";
				TEST_HOST = "$(BUILT_PRODUCTS_DIR)/MQTTInspector.app/MQTTInspector";
			};
			name = Release;
		};
		7E89A1AE20E2957300A36978 /* Debug */ = {
			isa = XCBuildConfiguration;
			buildSettings = {
				ALWAYS_EMBED_SWIFT_STANDARD_LIBRARIES = YES;
				CODE_SIGN_STYLE = Automatic;
				INFOPLIST_FILE = MQTTInspectorUITests/Info.plist;
				LD_RUNPATH_SEARCH_PATHS = (
					"$(inherited)",
					"@executable_path/Frameworks",
					"@loader_path/Frameworks",
				);
				PRODUCT_BUNDLE_IDENTIFIER = "Ahmed-Elbasha.MQTTInspectorUITests";
				PRODUCT_NAME = "$(TARGET_NAME)";
				SWIFT_VERSION = 4.0;
				TARGETED_DEVICE_FAMILY = "1,2";
				TEST_TARGET_NAME = MQTTInspector;
			};
			name = Debug;
		};
		7E89A1AF20E2957300A36978 /* Release */ = {
			isa = XCBuildConfiguration;
			buildSettings = {
				ALWAYS_EMBED_SWIFT_STANDARD_LIBRARIES = YES;
				CODE_SIGN_STYLE = Automatic;
				INFOPLIST_FILE = MQTTInspectorUITests/Info.plist;
				LD_RUNPATH_SEARCH_PATHS = (
					"$(inherited)",
					"@executable_path/Frameworks",
					"@loader_path/Frameworks",
				);
				PRODUCT_BUNDLE_IDENTIFIER = "Ahmed-Elbasha.MQTTInspectorUITests";
				PRODUCT_NAME = "$(TARGET_NAME)";
				SWIFT_VERSION = 4.0;
				TARGETED_DEVICE_FAMILY = "1,2";
				TEST_TARGET_NAME = MQTTInspector;
			};
			name = Release;
		};
/* End XCBuildConfiguration section */

/* Begin XCConfigurationList section */
		7E89A17520E2956B00A36978 /* Build configuration list for PBXProject "MQTTInspector" */ = {
			isa = XCConfigurationList;
			buildConfigurations = (
				7E89A1A520E2957300A36978 /* Debug */,
				7E89A1A620E2957300A36978 /* Release */,
			);
			defaultConfigurationIsVisible = 0;
			defaultConfigurationName = Release;
		};
		7E89A1A720E2957300A36978 /* Build configuration list for PBXNativeTarget "MQTTInspector" */ = {
			isa = XCConfigurationList;
			buildConfigurations = (
				7E89A1A820E2957300A36978 /* Debug */,
				7E89A1A920E2957300A36978 /* Release */,
			);
			defaultConfigurationIsVisible = 0;
			defaultConfigurationName = Release;
		};
		7E89A1AA20E2957300A36978 /* Build configuration list for PBXNativeTarget "MQTTInspectorTests" */ = {
			isa = XCConfigurationList;
			buildConfigurations = (
				7E89A1AB20E2957300A36978 /* Debug */,
				7E89A1AC20E2957300A36978 /* Release */,
			);
			defaultConfigurationIsVisible = 0;
			defaultConfigurationName = Release;
		};
		7E89A1AD20E2957300A36978 /* Build configuration list for PBXNativeTarget "MQTTInspectorUITests" */ = {
			isa = XCConfigurationList;
			buildConfigurations = (
				7E89A1AE20E2957300A36978 /* Debug */,
				7E89A1AF20E2957300A36978 /* Release */,
			);
			defaultConfigurationIsVisible = 0;
			defaultConfigurationName = Release;
		};
/* End XCConfigurationList section */

/* Begin XCVersionGroup section */
		7E89A17F20E2956B00A36978 /* MQTTInspector.xcdatamodeld */ = {
			isa = XCVersionGroup;
			children = (
				7E89A18020E2956B00A36978 /* MQTTInspector.xcdatamodel */,
			);
			currentVersion = 7E89A18020E2956B00A36978 /* MQTTInspector.xcdatamodel */;
			path = MQTTInspector.xcdatamodeld;
			sourceTree = "<group>";
			versionGroupType = wrapper.xcdatamodel;
		};
/* End XCVersionGroup section */
	};
	rootObject = 7E89A17220E2956B00A36978 /* Project object */;
}
